{
  "version": 4,
  "terraform_version": "1.13.1",
  "serial": 39,
  "lineage": "af52f00d-d485-2f8b-9b61-833ed606cafb",
  "outputs": {
    "info_page_repository": {
      "value": "https://github.com/elvislittle/information-page",
      "type": "string"
    },
    "info_page_url": {
      "value": "https://elvislittle.github.io/information-page/",
      "type": "string"
    },
    "repositories": {
      "value": {
        "backend": {
          "clone_url": "git://github.com/elvislittle/backend-repo.git",
          "has_page": true,
          "language": "python",
          "name": "backend",
          "page_url": "https://elvislittle.github.io/backend-repo/",
          "repo_url": "https://github.com/elvislittle/backend-repo",
          "type": "backend"
        },
        "docs": {
          "clone_url": "git://github.com/elvislittle/docs-repo.git",
          "has_page": false,
          "language": "markdown",
          "name": "docs",
          "page_url": null,
          "repo_url": "https://github.com/elvislittle/docs-repo",
          "type": "docs"
        },
        "frontend": {
          "clone_url": "git://github.com/elvislittle/frontend-repo.git",
          "has_page": true,
          "language": "javascript",
          "name": "frontend",
          "page_url": "https://elvislittle.github.io/frontend-repo/",
          "repo_url": "https://github.com/elvislittle/frontend-repo",
          "type": "frontend"
        },
        "infra": {
          "clone_url": "git://github.com/elvislittle/infra-repo.git",
          "has_page": true,
          "language": "terraform",
          "name": "infra",
          "page_url": "https://elvislittle.github.io/infra-repo/",
          "repo_url": "https://github.com/elvislittle/infra-repo",
          "type": "infra"
        }
      },
      "type": [
        "object",
        {
          "backend": [
            "object",
            {
              "clone_url": "string",
              "has_page": "bool",
              "language": "string",
              "name": "string",
              "page_url": "string",
              "repo_url": "string",
              "type": "string"
            }
          ],
          "docs": [
            "object",
            {
              "clone_url": "string",
              "has_page": "bool",
              "language": "string",
              "name": "string",
              "page_url": "string",
              "repo_url": "string",
              "type": "string"
            }
          ],
          "frontend": [
            "object",
            {
              "clone_url": "string",
              "has_page": "bool",
              "language": "string",
              "name": "string",
              "page_url": "string",
              "repo_url": "string",
              "type": "string"
            }
          ],
          "infra": [
            "object",
            {
              "clone_url": "string",
              "has_page": "bool",
              "language": "string",
              "name": "string",
              "page_url": "string",
              "repo_url": "string",
              "type": "string"
            }
          ]
        }
      ]
    }
  },
  "resources": [
    {
      "module": "module.infopage",
      "mode": "managed",
      "type": "github_repository",
      "name": "info_page",
      "provider": "provider[\"registry.terraform.io/hashicorp/github\"]",
      "instances": [
        {
          "schema_version": 1,
          "attributes": {
            "allow_auto_merge": false,
            "allow_merge_commit": true,
            "allow_rebase_merge": true,
            "allow_squash_merge": true,
            "allow_update_branch": false,
            "archive_on_destroy": null,
            "archived": false,
            "auto_init": true,
            "default_branch": "main",
            "delete_branch_on_merge": false,
            "description": "Repository information page generated by Terraform",
            "etag": "W/\"da774eeccfa81f11f31d34a5d3304c3a78409bd337a53c0dac0ceaaf0fbf937c\"",
            "full_name": "elvislittle/information-page",
            "git_clone_url": "git://github.com/elvislittle/information-page.git",
            "gitignore_template": null,
            "has_discussions": false,
            "has_downloads": false,
            "has_issues": false,
            "has_projects": false,
            "has_wiki": false,
            "homepage_url": "",
            "html_url": "https://github.com/elvislittle/information-page",
            "http_clone_url": "https://github.com/elvislittle/information-page.git",
            "id": "information-page",
            "ignore_vulnerability_alerts_during_read": null,
            "is_template": false,
            "license_template": null,
            "merge_commit_message": "PR_TITLE",
            "merge_commit_title": "MERGE_MESSAGE",
            "name": "information-page",
            "node_id": "R_kgDOPuD8uQ",
            "pages": [
              {
                "build_type": "legacy",
                "cname": "",
                "custom_404": false,
                "html_url": "https://elvislittle.github.io/information-page/",
                "source": [
                  {
                    "branch": "main",
                    "path": "/"
                  }
                ],
                "status": "built",
                "url": "https://api.github.com/repos/elvislittle/information-page/pages"
              }
            ],
            "primary_language": "",
            "private": false,
            "repo_id": 1054932153,
            "security_and_analysis": [
              {
                "advanced_security": [],
                "secret_scanning": [
                  {
                    "status": "enabled"
                  }
                ],
                "secret_scanning_push_protection": [
                  {
                    "status": "enabled"
                  }
                ]
              }
            ],
            "squash_merge_commit_message": "COMMIT_MESSAGES",
            "squash_merge_commit_title": "COMMIT_OR_PR_TITLE",
            "ssh_clone_url": "git@github.com:elvislittle/information-page.git",
            "svn_url": "https://github.com/elvislittle/information-page",
            "template": [],
            "topics": [],
            "visibility": "public",
            "vulnerability_alerts": false,
            "web_commit_signoff_required": false
          },
          "sensitive_attributes": [],
          "identity_schema_version": 0,
          "private": "eyJzY2hlbWFfdmVyc2lvbiI6IjEifQ=="
        }
      ]
    },
    {
      "module": "module.infopage",
      "mode": "managed",
      "type": "github_repository_file",
      "name": "readme_md",
      "provider": "provider[\"registry.terraform.io/hashicorp/github\"]",
      "instances": [
        {
          "schema_version": 0,
          "attributes": {
            "autocreate_branch": null,
            "autocreate_branch_source_branch": null,
            "autocreate_branch_source_sha": null,
            "branch": "main",
            "commit_author": null,
            "commit_email": null,
            "commit_message": "Update README.md",
            "commit_sha": "08eef732dd7d410c7c6a6b912a3dcc69d4a0b6ea",
            "content": "# Repository Information\n\n*Generated on: 2025-09-11T16:39:51Z*\n\n## Repositories\n\n| Repository | Type | Language | Repository Link | Page Link |\n|------------|------|----------|-----------------|-----------|\n| backend | backend | python | [GitHub](https://github.com/elvislittle/backend-repo) | [View Page](https://elvislittle.github.io/backend-repo/)|\n| docs | docs | markdown | [GitHub](https://github.com/elvislittle/docs-repo) | *No Page*|\n| frontend | frontend | javascript | [GitHub](https://github.com/elvislittle/frontend-repo) | [View Page](https://elvislittle.github.io/frontend-repo/)|\n| infra | infra | terraform | [GitHub](https://github.com/elvislittle/infra-repo) | [View Page](https://elvislittle.github.io/infra-repo/)|\n\n**Total repositories:** 4\n\n---\n*This page was generated automatically using Terraform*\n",
            "file": "README.md",
            "id": "information-page/README.md",
            "overwrite_on_create": true,
            "ref": "main",
            "repository": "information-page",
            "sha": "abaebf0c17c8c7a5da31fec2caa899e80df21d10"
          },
          "sensitive_attributes": [],
          "identity_schema_version": 0,
          "private": "bnVsbA==",
          "dependencies": [
            "module.infopage.github_repository.info_page",
            "module.repositories.github_repository.repository"
          ]
        }
      ]
    },
    {
      "module": "module.repositories",
      "mode": "managed",
      "type": "github_repository",
      "name": "repository",
      "provider": "provider[\"registry.terraform.io/hashicorp/github\"]",
      "instances": [
        {
          "index_key": "backend",
          "schema_version": 1,
          "attributes": {
            "allow_auto_merge": false,
            "allow_merge_commit": true,
            "allow_rebase_merge": true,
            "allow_squash_merge": true,
            "allow_update_branch": false,
            "archive_on_destroy": null,
            "archived": false,
            "auto_init": true,
            "default_branch": "main",
            "delete_branch_on_merge": false,
            "description": "backend repository using python",
            "etag": "W/\"b7a6578ddbce832a8695a460652a98909f62efdd926fa94e704846ccfa45d18a\"",
            "full_name": "elvislittle/backend-repo",
            "git_clone_url": "git://github.com/elvislittle/backend-repo.git",
            "gitignore_template": null,
            "has_discussions": false,
            "has_downloads": false,
            "has_issues": false,
            "has_projects": false,
            "has_wiki": false,
            "homepage_url": "",
            "html_url": "https://github.com/elvislittle/backend-repo",
            "http_clone_url": "https://github.com/elvislittle/backend-repo.git",
            "id": "backend-repo",
            "ignore_vulnerability_alerts_during_read": null,
            "is_template": false,
            "license_template": null,
            "merge_commit_message": "PR_TITLE",
            "merge_commit_title": "MERGE_MESSAGE",
            "name": "backend-repo",
            "node_id": "R_kgDOPuDtBw",
            "pages": [
              {
                "build_type": "legacy",
                "cname": "",
                "custom_404": false,
                "html_url": "https://elvislittle.github.io/backend-repo/",
                "source": [
                  {
                    "branch": "main",
                    "path": "/"
                  }
                ],
                "status": "built",
                "url": "https://api.github.com/repos/elvislittle/backend-repo/pages"
              }
            ],
            "primary_language": "",
            "private": false,
            "repo_id": 1054928135,
            "security_and_analysis": [
              {
                "advanced_security": [],
                "secret_scanning": [
                  {
                    "status": "enabled"
                  }
                ],
                "secret_scanning_push_protection": [
                  {
                    "status": "enabled"
                  }
                ]
              }
            ],
            "squash_merge_commit_message": "COMMIT_MESSAGES",
            "squash_merge_commit_title": "COMMIT_OR_PR_TITLE",
            "ssh_clone_url": "git@github.com:elvislittle/backend-repo.git",
            "svn_url": "https://github.com/elvislittle/backend-repo",
            "template": [],
            "topics": [],
            "visibility": "public",
            "vulnerability_alerts": false,
            "web_commit_signoff_required": false
          },
          "sensitive_attributes": [],
          "identity_schema_version": 0,
          "private": "eyJzY2hlbWFfdmVyc2lvbiI6IjEifQ=="
        },
        {
          "index_key": "docs",
          "schema_version": 1,
          "attributes": {
            "allow_auto_merge": false,
            "allow_merge_commit": true,
            "allow_rebase_merge": true,
            "allow_squash_merge": true,
            "allow_update_branch": false,
            "archive_on_destroy": null,
            "archived": false,
            "auto_init": true,
            "default_branch": "main",
            "delete_branch_on_merge": false,
            "description": "docs repository using markdown",
            "etag": "W/\"c1ef78f517002dc21f486c312e76bdc72293180a4121ff3be8fa72be9de71b3a\"",
            "full_name": "elvislittle/docs-repo",
            "git_clone_url": "git://github.com/elvislittle/docs-repo.git",
            "gitignore_template": null,
            "has_discussions": false,
            "has_downloads": false,
            "has_issues": false,
            "has_projects": false,
            "has_wiki": false,
            "homepage_url": "",
            "html_url": "https://github.com/elvislittle/docs-repo",
            "http_clone_url": "https://github.com/elvislittle/docs-repo.git",
            "id": "docs-repo",
            "ignore_vulnerability_alerts_during_read": null,
            "is_template": false,
            "license_template": null,
            "merge_commit_message": "PR_TITLE",
            "merge_commit_title": "MERGE_MESSAGE",
            "name": "docs-repo",
            "node_id": "R_kgDOPuFjQg",
            "pages": [],
            "primary_language": "",
            "private": false,
            "repo_id": 1054958402,
            "security_and_analysis": [
              {
                "advanced_security": [],
                "secret_scanning": [
                  {
                    "status": "enabled"
                  }
                ],
                "secret_scanning_push_protection": [
                  {
                    "status": "enabled"
                  }
                ]
              }
            ],
            "squash_merge_commit_message": "COMMIT_MESSAGES",
            "squash_merge_commit_title": "COMMIT_OR_PR_TITLE",
            "ssh_clone_url": "git@github.com:elvislittle/docs-repo.git",
            "svn_url": "https://github.com/elvislittle/docs-repo",
            "template": [],
            "topics": [],
            "visibility": "public",
            "vulnerability_alerts": false,
            "web_commit_signoff_required": false
          },
          "sensitive_attributes": [],
          "identity_schema_version": 0,
          "private": "eyJzY2hlbWFfdmVyc2lvbiI6IjEifQ=="
        },
        {
          "index_key": "frontend",
          "schema_version": 1,
          "attributes": {
            "allow_auto_merge": false,
            "allow_merge_commit": true,
            "allow_rebase_merge": true,
            "allow_squash_merge": true,
            "allow_update_branch": false,
            "archive_on_destroy": null,
            "archived": false,
            "auto_init": true,
            "default_branch": "main",
            "delete_branch_on_merge": false,
            "description": "frontend repository using javascript",
            "etag": "W/\"9653513da5e68e8d9d69b90d85b36e70ece4a65fbc6207a05846a8e5f2b92166\"",
            "full_name": "elvislittle/frontend-repo",
            "git_clone_url": "git://github.com/elvislittle/frontend-repo.git",
            "gitignore_template": null,
            "has_discussions": false,
            "has_downloads": false,
            "has_issues": false,
            "has_projects": false,
            "has_wiki": false,
            "homepage_url": "",
            "html_url": "https://github.com/elvislittle/frontend-repo",
            "http_clone_url": "https://github.com/elvislittle/frontend-repo.git",
            "id": "frontend-repo",
            "ignore_vulnerability_alerts_during_read": null,
            "is_template": false,
            "license_template": null,
            "merge_commit_message": "PR_TITLE",
            "merge_commit_title": "MERGE_MESSAGE",
            "name": "frontend-repo",
            "node_id": "R_kgDOPuDtUQ",
            "pages": [
              {
                "build_type": "legacy",
                "cname": "",
                "custom_404": false,
                "html_url": "https://elvislittle.github.io/frontend-repo/",
                "source": [
                  {
                    "branch": "main",
                    "path": "/"
                  }
                ],
                "status": "built",
                "url": "https://api.github.com/repos/elvislittle/frontend-repo/pages"
              }
            ],
            "primary_language": "JavaScript",
            "private": false,
            "repo_id": 1054928209,
            "security_and_analysis": [
              {
                "advanced_security": [],
                "secret_scanning": [
                  {
                    "status": "enabled"
                  }
                ],
                "secret_scanning_push_protection": [
                  {
                    "status": "enabled"
                  }
                ]
              }
            ],
            "squash_merge_commit_message": "COMMIT_MESSAGES",
            "squash_merge_commit_title": "COMMIT_OR_PR_TITLE",
            "ssh_clone_url": "git@github.com:elvislittle/frontend-repo.git",
            "svn_url": "https://github.com/elvislittle/frontend-repo",
            "template": [],
            "topics": [],
            "visibility": "public",
            "vulnerability_alerts": false,
            "web_commit_signoff_required": false
          },
          "sensitive_attributes": [],
          "identity_schema_version": 0,
          "private": "eyJzY2hlbWFfdmVyc2lvbiI6IjEifQ=="
        },
        {
          "index_key": "infra",
          "schema_version": 1,
          "attributes": {
            "allow_auto_merge": false,
            "allow_merge_commit": true,
            "allow_rebase_merge": true,
            "allow_squash_merge": true,
            "allow_update_branch": false,
            "archive_on_destroy": null,
            "archived": false,
            "auto_init": true,
            "default_branch": "main",
            "delete_branch_on_merge": false,
            "description": "infra repository using terraform",
            "etag": "W/\"73fabc547057a22b92952f9427ecaa8ac8011d316d73370cd08b46f21434190f\"",
            "full_name": "elvislittle/infra-repo",
            "git_clone_url": "git://github.com/elvislittle/infra-repo.git",
            "gitignore_template": null,
            "has_discussions": false,
            "has_downloads": false,
            "has_issues": false,
            "has_projects": false,
            "has_wiki": false,
            "homepage_url": "",
            "html_url": "https://github.com/elvislittle/infra-repo",
            "http_clone_url": "https://github.com/elvislittle/infra-repo.git",
            "id": "infra-repo",
            "ignore_vulnerability_alerts_during_read": null,
            "is_template": false,
            "license_template": null,
            "merge_commit_message": "PR_TITLE",
            "merge_commit_title": "MERGE_MESSAGE",
            "name": "infra-repo",
            "node_id": "R_kgDOPuDtKw",
            "pages": [
              {
                "build_type": "legacy",
                "cname": "",
                "custom_404": false,
                "html_url": "https://elvislittle.github.io/infra-repo/",
                "source": [
                  {
                    "branch": "main",
                    "path": "/"
                  }
                ],
                "status": "built",
                "url": "https://api.github.com/repos/elvislittle/infra-repo/pages"
              }
            ],
            "primary_language": "HCL",
            "private": false,
            "repo_id": 1054928171,
            "security_and_analysis": [
              {
                "advanced_security": [],
                "secret_scanning": [
                  {
                    "status": "enabled"
                  }
                ],
                "secret_scanning_push_protection": [
                  {
                    "status": "enabled"
                  }
                ]
              }
            ],
            "squash_merge_commit_message": "COMMIT_MESSAGES",
            "squash_merge_commit_title": "COMMIT_OR_PR_TITLE",
            "ssh_clone_url": "git@github.com:elvislittle/infra-repo.git",
            "svn_url": "https://github.com/elvislittle/infra-repo",
            "template": [],
            "topics": [],
            "visibility": "public",
            "vulnerability_alerts": false,
            "web_commit_signoff_required": false
          },
          "sensitive_attributes": [],
          "identity_schema_version": 0,
          "private": "eyJzY2hlbWFfdmVyc2lvbiI6IjEifQ=="
        }
      ]
    },
    {
      "module": "module.repositories",
      "mode": "managed",
      "type": "github_repository_file",
      "name": "main_file",
      "provider": "provider[\"registry.terraform.io/hashicorp/github\"]",
      "instances": [
        {
          "index_key": "backend",
          "schema_version": 0,
          "attributes": {
            "autocreate_branch": null,
            "autocreate_branch_source_branch": null,
            "autocreate_branch_source_sha": null,
            "branch": "main",
            "commit_author": null,
            "commit_email": null,
            "commit_message": "Add main.py",
            "commit_sha": "931b0b07ce9f89fcb5ea4b3c49816dea36d5955d",
            "content": "#!/usr/bin/env python3\n\"\"\"\nMain Python file for this repository\n\"\"\"\n      \ndef main():\n    print(\"Hello from Python!\")\n      \nif __name__ == \"__main__\":\n    main()\n",
            "file": "main.py",
            "id": "backend-repo/main.py",
            "overwrite_on_create": true,
            "ref": "main",
            "repository": "backend-repo",
            "sha": "285543c5b2bc069eb72e80f454b459c35218a16e"
          },
          "sensitive_attributes": [],
          "identity_schema_version": 0,
          "private": "bnVsbA==",
          "dependencies": [
            "module.repositories.github_repository.repository"
          ]
        },
        {
          "index_key": "docs",
          "schema_version": 0,
          "attributes": {
            "autocreate_branch": null,
            "autocreate_branch_source_branch": null,
            "autocreate_branch_source_sha": null,
            "branch": "main",
            "commit_author": null,
            "commit_email": null,
            "commit_message": "Add docs.md",
            "commit_sha": "64181aa11fd52f088ed08f77f842e790ce9c2af4",
            "content": "# Documentation\n      \nThis is a documentation repository created with Terraform.\n      \n## Contents\n      \n- Project documentation\n- API references\n- User guides\n      \n## Getting Started\n      \nWelcome to the documentation repository!\n",
            "file": "docs.md",
            "id": "docs-repo/docs.md",
            "overwrite_on_create": true,
            "ref": "main",
            "repository": "docs-repo",
            "sha": "6e35bd95686c2154bbfac9af11c22b924b56303e"
          },
          "sensitive_attributes": [],
          "identity_schema_version": 0,
          "private": "bnVsbA==",
          "dependencies": [
            "module.repositories.github_repository.repository"
          ]
        },
        {
          "index_key": "frontend",
          "schema_version": 0,
          "attributes": {
            "autocreate_branch": null,
            "autocreate_branch_source_branch": null,
            "autocreate_branch_source_sha": null,
            "branch": "main",
            "commit_author": null,
            "commit_email": null,
            "commit_message": "Add index.js",
            "commit_sha": "1f923b65af78688560ad447eea704535422e4a92",
            "content": "// Main JavaScript file for this repository\n      \nfunction main() {\n    console.log(\"Hello from JavaScript!\");\n}\n      \n// Run if this is the main module\nif (require.main === module) {\n    main();\n}\n      \nmodule.exports = { main };\n",
            "file": "index.js",
            "id": "frontend-repo/index.js",
            "overwrite_on_create": true,
            "ref": "main",
            "repository": "frontend-repo",
            "sha": "b94660211e5fd594c1be759b097e74eaab43e55b"
          },
          "sensitive_attributes": [],
          "identity_schema_version": 0,
          "private": "bnVsbA==",
          "dependencies": [
            "module.repositories.github_repository.repository"
          ]
        },
        {
          "index_key": "infra",
          "schema_version": 0,
          "attributes": {
            "autocreate_branch": null,
            "autocreate_branch_source_branch": null,
            "autocreate_branch_source_sha": null,
            "branch": "main",
            "commit_author": null,
            "commit_email": null,
            "commit_message": "Add main.tf",
            "commit_sha": "840d6e3058835438132969040d6df7a878b533b5",
            "content": "# Main Terraform configuration\n      \nterraform {\n  required_version = \"\u003e= 1.0\"\n}\n      \n# Example resource\nresource \"null_resource\" \"example\" {\n  provisioner \"local-exec\" {\n    command = \"echo 'Hello from Terraform!'\"\n  }\n}\n",
            "file": "main.tf",
            "id": "infra-repo/main.tf",
            "overwrite_on_create": true,
            "ref": "main",
            "repository": "infra-repo",
            "sha": "f2c5d8cf2ce32fdd77782525deb6f54adedae7f9"
          },
          "sensitive_attributes": [],
          "identity_schema_version": 0,
          "private": "bnVsbA==",
          "dependencies": [
            "module.repositories.github_repository.repository"
          ]
        }
      ]
    },
    {
      "module": "module.repositories",
      "mode": "managed",
      "type": "github_repository_file",
      "name": "readme",
      "provider": "provider[\"registry.terraform.io/hashicorp/github\"]",
      "instances": [
        {
          "index_key": "backend",
          "schema_version": 0,
          "attributes": {
            "autocreate_branch": null,
            "autocreate_branch_source_branch": null,
            "autocreate_branch_source_sha": null,
            "branch": "main",
            "commit_author": null,
            "commit_email": null,
            "commit_message": "Add README.md",
            "commit_sha": "fd8776e2205f932145e6adf519b6ea2bad0a063e",
            "content": "# backend Repository\n    \n**Type:** backend\n**Language:** python\n**Has Page:** Yes\n    \nThis repository was created using Terraform as a demonstration.\n    \n## Getting Started\n    \nThis is a python backend project.\n    \n    Visit the GitHub Pages site for this repository to see it in action.\n",
            "file": "README.md",
            "id": "backend-repo/README.md",
            "overwrite_on_create": true,
            "ref": "main",
            "repository": "backend-repo",
            "sha": "b8561d125e1496df7c786b195aa0a3cdb7651bcb"
          },
          "sensitive_attributes": [],
          "identity_schema_version": 0,
          "private": "bnVsbA==",
          "dependencies": [
            "module.repositories.github_repository.repository"
          ]
        },
        {
          "index_key": "docs",
          "schema_version": 0,
          "attributes": {
            "autocreate_branch": null,
            "autocreate_branch_source_branch": null,
            "autocreate_branch_source_sha": null,
            "branch": "main",
            "commit_author": null,
            "commit_email": null,
            "commit_message": "Update README.md",
            "commit_sha": "8b13edf026056c005650b33b9c66d7542e927cc5",
            "content": "# docs Repository\n    \n**Type:** docs\n**Language:** markdown\n**Has Page:** No\n    \nThis repository was created using Terraform as a demonstration.\n    \n## Getting Started\n    \nThis is a markdown docs project.\n    \n",
            "file": "README.md",
            "id": "docs-repo/README.md",
            "overwrite_on_create": true,
            "ref": "main",
            "repository": "docs-repo",
            "sha": "383463e06d776baedca255604f489d349bf47c75"
          },
          "sensitive_attributes": [],
          "identity_schema_version": 0,
          "private": "bnVsbA==",
          "dependencies": [
            "module.repositories.github_repository.repository"
          ]
        },
        {
          "index_key": "frontend",
          "schema_version": 0,
          "attributes": {
            "autocreate_branch": null,
            "autocreate_branch_source_branch": null,
            "autocreate_branch_source_sha": null,
            "branch": "main",
            "commit_author": null,
            "commit_email": null,
            "commit_message": "Add README.md",
            "commit_sha": "c1a51fcd7f3023b808c80610bc793b0eb0b5ef0a",
            "content": "# frontend Repository\n    \n**Type:** frontend\n**Language:** javascript\n**Has Page:** Yes\n    \nThis repository was created using Terraform as a demonstration.\n    \n## Getting Started\n    \nThis is a javascript frontend project.\n    \n    Visit the GitHub Pages site for this repository to see it in action.\n",
            "file": "README.md",
            "id": "frontend-repo/README.md",
            "overwrite_on_create": true,
            "ref": "main",
            "repository": "frontend-repo",
            "sha": "e15699545c541e1d68f8b7f30c7a206d0d3d2ca6"
          },
          "sensitive_attributes": [],
          "identity_schema_version": 0,
          "private": "bnVsbA==",
          "dependencies": [
            "module.repositories.github_repository.repository"
          ]
        },
        {
          "index_key": "infra",
          "schema_version": 0,
          "attributes": {
            "autocreate_branch": null,
            "autocreate_branch_source_branch": null,
            "autocreate_branch_source_sha": null,
            "branch": "main",
            "commit_author": null,
            "commit_email": null,
            "commit_message": "Update README.md",
            "commit_sha": "236dab15e07d355dd924eb7ef53260d04b96de87",
            "content": "# infra Repository\n    \n**Type:** infra\n**Language:** terraform\n**Has Page:** Yes\n    \nThis repository was created using Terraform as a demonstration.\n    \n## Getting Started\n    \nThis is a terraform infra project.\n    \n    Visit the GitHub Pages site for this repository to see it in action.\n",
            "file": "README.md",
            "id": "infra-repo/README.md",
            "overwrite_on_create": true,
            "ref": "main",
            "repository": "infra-repo",
            "sha": "043214c721b4ff132c7511e62d3d57a644efc50d"
          },
          "sensitive_attributes": [],
          "identity_schema_version": 0,
          "private": "bnVsbA==",
          "dependencies": [
            "module.repositories.github_repository.repository"
          ]
        }
      ]
    }
  ],
  "check_results": null
}
